
Microsoft Visual Studio Solution File, Format Version 12.00
# Visual Studio 15
VisualStudioVersion = 15.0.27703.2026
MinimumVisualStudioVersion = 10.0.40219.1
Project("{FAE04EC0-301F-11D3-BF4B-00C04F79EFBC}") = "Bar-Store.Datos", "Bar-Store.Datos\Bar-Store.Datos.csproj", "{98572600-5534-4CB0-BF4E-8C1551638147}"
EndProject
Project("{FAE04EC0-301F-11D3-BF4B-00C04F79EFBC}") = "Bar-Store.Clases", "Bar-Store.Clases\Bar-Store.Clases.csproj", "{F27F8FA2-3FA6-43EA-A54A-6455787E934D}"
EndProject
Project("{FAE04EC0-301F-11D3-BF4B-00C04F79EFBC}") = "Bar-Store.Negocios", "Bar-Store.Negocios\Bar-Store.Negocios.csproj", "{267FC318-AB40-4BC5-A391-2316EAA15FFC}"
EndProject
Project("{FAE04EC0-301F-11D3-BF4B-00C04F79EFBC}") = "Bar-Store.Presentacion", "Bar-Store.Presentacion\Bar-Store.Presentacion.csproj", "{EF15A0AD-DC68-47AD-82EB-8B3C12301CC1}"
EndProject
Global
	GlobalSection(SolutionConfigurationPlatforms) = preSolution
		Debug|Any CPU = Debug|Any CPU
		Release|Any CPU = Release|Any CPU
	EndGlobalSection
	GlobalSection(ProjectConfigurationPlatforms) = postSolution
		{98572600-5534-4CB0-BF4E-8C1551638147}.Debug|Any CPU.ActiveCfg = Debug|Any CPU
		{98572600-5534-4CB0-BF4E-8C1551638147}.Debug|Any CPU.Build.0 = Debug|Any CPU
		{98572600-5534-4CB0-BF4E-8C1551638147}.Release|Any CPU.ActiveCfg = Release|Any CPU
		{98572600-5534-4CB0-BF4E-8C1551638147}.Release|Any CPU.Build.0 = Release|Any CPU
		{F27F8FA2-3FA6-43EA-A54A-6455787E934D}.Debug|Any CPU.ActiveCfg = Debug|Any CPU
		{F27F8FA2-3FA6-43EA-A54A-6455787E934D}.Debug|Any CPU.Build.0 = Debug|Any CPU
		{F27F8FA2-3FA6-43EA-A54A-6455787E934D}.Release|Any CPU.ActiveCfg = Release|Any CPU
		{F27F8FA2-3FA6-43EA-A54A-6455787E934D}.Release|Any CPU.Build.0 = Release|Any CPU
		{267FC318-AB40-4BC5-A391-2316EAA15FFC}.Debug|Any CPU.ActiveCfg = Debug|Any CPU
		{267FC318-AB40-4BC5-A391-2316EAA15FFC}.Debug|Any CPU.Build.0 = Debug|Any CPU
		{267FC318-AB40-4BC5-A391-2316EAA15FFC}.Release|Any CPU.ActiveCfg = Release|Any CPU
		{267FC318-AB40-4BC5-A391-2316EAA15FFC}.Release|Any CPU.Build.0 = Release|Any CPU
		{EF15A0AD-DC68-47AD-82EB-8B3C12301CC1}.Debug|Any CPU.ActiveCfg = Debug|Any CPU
		{EF15A0AD-DC68-47AD-82EB-8B3C12301CC1}.Debug|Any CPU.Build.0 = Debug|Any CPU
		{EF15A0AD-DC68-47AD-82EB-8B3C12301CC1}.Release|Any CPU.ActiveCfg = Release|Any CPU
		{EF15A0AD-DC68-47AD-82EB-8B3C12301CC1}.Release|Any CPU.Build.0 = Release|Any CPU
	EndGlobalSection
	GlobalSection(SolutionProperties) = preSolution
		HideSolutionNode = FALSE
	EndGlobalSection
	GlobalSection(ExtensibilityGlobals) = postSolution
		SolutionGuid = {A511ACB7-ACFA-4399-8496-73410148DCB9}
	EndGlobalSection
EndGlobal
